
Microsoft Visual Studio Solution File, Format Version 12.00
# Visual Studio Version 16
VisualStudioVersion = 16.0.32002.261
MinimumVisualStudioVersion = 10.0.40219.1
Project("{FAE04EC0-301F-11D3-BF4B-00C04F79EFBC}") = "PasswordManager", "PasswordManager\PasswordManager.csproj", "{7001A576-2EFD-410B-9BE8-CB6ECA041EC1}"
EndProject
Global
	GlobalSection(SolutionConfigurationPlatforms) = preSolution
		Debug|Any CPU = Debug|Any CPU
		Release|Any CPU = Release|Any CPU
	EndGlobalSection
	GlobalSection(ProjectConfigurationPlatforms) = postSolution
		{7001A576-2EFD-410B-9BE8-CB6ECA041EC1}.Debug|Any CPU.ActiveCfg = Debug|Any CPU
		{7001A576-2EFD-410B-9BE8-CB6ECA041EC1}.Debug|Any CPU.Build.0 = Debug|Any CPU
		{7001A576-2EFD-410B-9BE8-CB6ECA041EC1}.Release|Any CPU.ActiveCfg = Release|Any CPU
		{7001A576-2EFD-410B-9BE8-CB6ECA041EC1}.Release|Any CPU.Build.0 = Release|Any CPU
	EndGlobalSection
	GlobalSection(SolutionProperties) = preSolution
		HideSolutionNode = FALSE
	EndGlobalSection
	GlobalSection(ExtensibilityGlobals) = postSolution
		SolutionGuid = {CF29EA62-FB5C-4F1C-96DC-DB7434F9388D}
	EndGlobalSection
EndGlobal
